// !$*UTF8*$!
{
	archiveVersion = 1;
	classes = {
	};
	objectVersion = 56;
	objects = {

/* Begin PBXBuildFile section */
		ACDA2130297F38540009F27F /* DiagramForThesisApp.swift in Sources */ = {isa = PBXBuildFile; fileRef = ACDA212F297F38540009F27F /* DiagramForThesisApp.swift */; };
		ACDA2132297F38540009F27F /* ContentView.swift in Sources */ = {isa = PBXBuildFile; fileRef = ACDA2131297F38540009F27F /* ContentView.swift */; };
		ACDA2134297F38550009F27F /* Assets.xcassets in Resources */ = {isa = PBXBuildFile; fileRef = ACDA2133297F38550009F27F /* Assets.xcassets */; };
		ACDA2137297F38550009F27F /* Preview Assets.xcassets in Resources */ = {isa = PBXBuildFile; fileRef = ACDA2136297F38550009F27F /* Preview Assets.xcassets */; };
		ACDA2140297F38800009F27F /* SwiftSyntax in Frameworks */ = {isa = PBXBuildFile; productRef = ACDA213F297F38800009F27F /* SwiftSyntax */; };
		ACDA2142297F38800009F27F /* SwiftSyntaxBuilder in Frameworks */ = {isa = PBXBuildFile; productRef = ACDA2141297F38800009F27F /* SwiftSyntaxBuilder */; };
		ACDA2144297F38800009F27F /* SwiftSyntaxParser in Frameworks */ = {isa = PBXBuildFile; productRef = ACDA2143297F38800009F27F /* SwiftSyntaxParser */; };
		ACDA2147297F3B2B0009F27F /* Holders.swift in Sources */ = {isa = PBXBuildFile; fileRef = ACDA2146297F3B2B0009F27F /* Holders.swift */; };
		ACDA2149297F3B5E0009F27F /* ConvertedToHolders.swift in Sources */ = {isa = PBXBuildFile; fileRef = ACDA2148297F3B5E0009F27F /* ConvertedToHolders.swift */; };
		ACDA214B297F3B7D0009F27F /* AccessLevel.swift in Sources */ = {isa = PBXBuildFile; fileRef = ACDA214A297F3B7D0009F27F /* AccessLevel.swift */; };
		ACDA214D297F3B940009F27F /* DetailComponentView.swift in Sources */ = {isa = PBXBuildFile; fileRef = ACDA214C297F3B940009F27F /* DetailComponentView.swift */; };
		ACDA214F297F3BAB0009F27F /* ComponentSettingValues.swift in Sources */ = {isa = PBXBuildFile; fileRef = ACDA214E297F3BAB0009F27F /* ComponentSettingValues.swift */; };
		ACDA2151297F3BC20009F27F /* BuildFileMonitor.swift in Sources */ = {isa = PBXBuildFile; fileRef = ACDA2150297F3BC20009F27F /* BuildFileMonitor.swift */; };
		ACDA2153297F3BD80009F27F /* HolderToStringConverters.swift in Sources */ = {isa = PBXBuildFile; fileRef = ACDA2152297F3BD80009F27F /* HolderToStringConverters.swift */; };
		ACDA2155297F3BF50009F27F /* TokenVisitor.swift in Sources */ = {isa = PBXBuildFile; fileRef = ACDA2154297F3BF50009F27F /* TokenVisitor.swift */; };
		ACDA2157297F3C240009F27F /* SyntaxNodeType.swift in Sources */ = {isa = PBXBuildFile; fileRef = ACDA2156297F3C240009F27F /* SyntaxNodeType.swift */; };
		ACDA2159297F3C380009F27F /* TokenKind.swift in Sources */ = {isa = PBXBuildFile; fileRef = ACDA2158297F3C380009F27F /* TokenKind.swift */; };
		ACDA215B297F3C4E0009F27F /* SyntaxTag.swift in Sources */ = {isa = PBXBuildFile; fileRef = ACDA215A297F3C4E0009F27F /* SyntaxTag.swift */; };
		ACDA215D297F3C930009F27F /* SyntaxArrayParser.swift in Sources */ = {isa = PBXBuildFile; fileRef = ACDA215C297F3C930009F27F /* SyntaxArrayParser.swift */; };
		ACDA215F297F3CBE0009F27F /* OptionalTypeKind.swift in Sources */ = {isa = PBXBuildFile; fileRef = ACDA215E297F3CBE0009F27F /* OptionalTypeKind.swift */; };
/* End PBXBuildFile section */

/* Begin PBXFileReference section */
		ACDA212C297F38540009F27F /* DiagramForThesis.app */ = {isa = PBXFileReference; explicitFileType = wrapper.application; includeInIndex = 0; path = DiagramForThesis.app; sourceTree = BUILT_PRODUCTS_DIR; };
		ACDA212F297F38540009F27F /* DiagramForThesisApp.swift */ = {isa = PBXFileReference; lastKnownFileType = sourcecode.swift; path = DiagramForThesisApp.swift; sourceTree = "<group>"; };
		ACDA2131297F38540009F27F /* ContentView.swift */ = {isa = PBXFileReference; lastKnownFileType = sourcecode.swift; path = ContentView.swift; sourceTree = "<group>"; };
		ACDA2133297F38550009F27F /* Assets.xcassets */ = {isa = PBXFileReference; lastKnownFileType = folder.assetcatalog; path = Assets.xcassets; sourceTree = "<group>"; };
		ACDA2136297F38550009F27F /* Preview Assets.xcassets */ = {isa = PBXFileReference; lastKnownFileType = folder.assetcatalog; path = "Preview Assets.xcassets"; sourceTree = "<group>"; };
		ACDA2138297F38550009F27F /* DiagramForThesis.entitlements */ = {isa = PBXFileReference; lastKnownFileType = text.plist.entitlements; path = DiagramForThesis.entitlements; sourceTree = "<group>"; };
		ACDA2146297F3B2B0009F27F /* Holders.swift */ = {isa = PBXFileReference; lastKnownFileType = sourcecode.swift; path = Holders.swift; sourceTree = "<group>"; };
		ACDA2148297F3B5E0009F27F /* ConvertedToHolders.swift */ = {isa = PBXFileReference; lastKnownFileType = sourcecode.swift; path = ConvertedToHolders.swift; sourceTree = "<group>"; };
		ACDA214A297F3B7D0009F27F /* AccessLevel.swift */ = {isa = PBXFileReference; lastKnownFileType = sourcecode.swift; path = AccessLevel.swift; sourceTree = "<group>"; };
		ACDA214C297F3B940009F27F /* DetailComponentView.swift */ = {isa = PBXFileReference; lastKnownFileType = sourcecode.swift; path = DetailComponentView.swift; sourceTree = "<group>"; };
		ACDA214E297F3BAB0009F27F /* ComponentSettingValues.swift */ = {isa = PBXFileReference; lastKnownFileType = sourcecode.swift; path = ComponentSettingValues.swift; sourceTree = "<group>"; };
		ACDA2150297F3BC20009F27F /* BuildFileMonitor.swift */ = {isa = PBXFileReference; lastKnownFileType = sourcecode.swift; path = BuildFileMonitor.swift; sourceTree = "<group>"; };
		ACDA2152297F3BD80009F27F /* HolderToStringConverters.swift */ = {isa = PBXFileReference; lastKnownFileType = sourcecode.swift; path = HolderToStringConverters.swift; sourceTree = "<group>"; };
		ACDA2154297F3BF50009F27F /* TokenVisitor.swift */ = {isa = PBXFileReference; lastKnownFileType = sourcecode.swift; path = TokenVisitor.swift; sourceTree = "<group>"; };
		ACDA2156297F3C240009F27F /* SyntaxNodeType.swift */ = {isa = PBXFileReference; lastKnownFileType = sourcecode.swift; path = SyntaxNodeType.swift; sourceTree = "<group>"; };
		ACDA2158297F3C380009F27F /* TokenKind.swift */ = {isa = PBXFileReference; lastKnownFileType = sourcecode.swift; path = TokenKind.swift; sourceTree = "<group>"; };
		ACDA215A297F3C4E0009F27F /* SyntaxTag.swift */ = {isa = PBXFileReference; lastKnownFileType = sourcecode.swift; path = SyntaxTag.swift; sourceTree = "<group>"; };
		ACDA215C297F3C930009F27F /* SyntaxArrayParser.swift */ = {isa = PBXFileReference; lastKnownFileType = sourcecode.swift; path = SyntaxArrayParser.swift; sourceTree = "<group>"; };
		ACDA215E297F3CBE0009F27F /* OptionalTypeKind.swift */ = {isa = PBXFileReference; lastKnownFileType = sourcecode.swift; path = OptionalTypeKind.swift; sourceTree = "<group>"; };
/* End PBXFileReference section */

/* Begin PBXFrameworksBuildPhase section */
		ACDA2129297F38540009F27F /* Frameworks */ = {
			isa = PBXFrameworksBuildPhase;
			buildActionMask = 2147483647;
			files = (
				ACDA2144297F38800009F27F /* SwiftSyntaxParser in Frameworks */,
				ACDA2140297F38800009F27F /* SwiftSyntax in Frameworks */,
				ACDA2142297F38800009F27F /* SwiftSyntaxBuilder in Frameworks */,
			);
			runOnlyForDeploymentPostprocessing = 0;
		};
/* End PBXFrameworksBuildPhase section */

/* Begin PBXGroup section */
		ACDA2123297F38540009F27F = {
			isa = PBXGroup;
			children = (
				ACDA212E297F38540009F27F /* DiagramForThesis */,
				ACDA212D297F38540009F27F /* Products */,
			);
			sourceTree = "<group>";
		};
		ACDA212D297F38540009F27F /* Products */ = {
			isa = PBXGroup;
			children = (
				ACDA212C297F38540009F27F /* DiagramForThesis.app */,
			);
			name = Products;
			sourceTree = "<group>";
		};
		ACDA212E297F38540009F27F /* DiagramForThesis */ = {
			isa = PBXGroup;
			children = (
				ACDA212F297F38540009F27F /* DiagramForThesisApp.swift */,
				ACDA2131297F38540009F27F /* ContentView.swift */,
				ACDA2145297F3B0A0009F27F /* RAGESS */,
				ACDA2133297F38550009F27F /* Assets.xcassets */,
				ACDA2138297F38550009F27F /* DiagramForThesis.entitlements */,
				ACDA2135297F38550009F27F /* Preview Content */,
			);
			path = DiagramForThesis;
			sourceTree = "<group>";
		};
		ACDA2135297F38550009F27F /* Preview Content */ = {
			isa = PBXGroup;
			children = (
				ACDA2136297F38550009F27F /* Preview Assets.xcassets */,
			);
			path = "Preview Content";
			sourceTree = "<group>";
		};
		ACDA2145297F3B0A0009F27F /* RAGESS */ = {
			isa = PBXGroup;
			children = (
				ACDA2146297F3B2B0009F27F /* Holders.swift */,
				ACDA2148297F3B5E0009F27F /* ConvertedToHolders.swift */,
				ACDA214A297F3B7D0009F27F /* AccessLevel.swift */,
				ACDA214C297F3B940009F27F /* DetailComponentView.swift */,
				ACDA214E297F3BAB0009F27F /* ComponentSettingValues.swift */,
				ACDA2150297F3BC20009F27F /* BuildFileMonitor.swift */,
				ACDA2152297F3BD80009F27F /* HolderToStringConverters.swift */,
				ACDA2154297F3BF50009F27F /* TokenVisitor.swift */,
				ACDA2156297F3C240009F27F /* SyntaxNodeType.swift */,
				ACDA2158297F3C380009F27F /* TokenKind.swift */,
				ACDA215A297F3C4E0009F27F /* SyntaxTag.swift */,
				ACDA215C297F3C930009F27F /* SyntaxArrayParser.swift */,
				ACDA215E297F3CBE0009F27F /* OptionalTypeKind.swift */,
			);
			path = RAGESS;
			sourceTree = "<group>";
		};
/* End PBXGroup section */

/* Begin PBXNativeTarget section */
		ACDA212B297F38540009F27F /* DiagramForThesis */ = {
			isa = PBXNativeTarget;
			buildConfigurationList = ACDA213B297F38550009F27F /* Build configuration list for PBXNativeTarget "DiagramForThesis" */;
			buildPhases = (
				ACDA2128297F38540009F27F /* Sources */,
				ACDA2129297F38540009F27F /* Frameworks */,
				ACDA212A297F38540009F27F /* Resources */,
			);
			buildRules = (
			);
			dependencies = (
			);
			name = DiagramForThesis;
			packageProductDependencies = (
				ACDA213F297F38800009F27F /* SwiftSyntax */,
				ACDA2141297F38800009F27F /* SwiftSyntaxBuilder */,
				ACDA2143297F38800009F27F /* SwiftSyntaxParser */,
			);
			productName = DiagramForThesis;
			productReference = ACDA212C297F38540009F27F /* DiagramForThesis.app */;
			productType = "com.apple.product-type.application";
		};
/* End PBXNativeTarget section */

/* Begin PBXProject section */
		ACDA2124297F38540009F27F /* Project object */ = {
			isa = PBXProject;
			attributes = {
				BuildIndependentTargetsInParallel = 1;
				LastSwiftUpdateCheck = 1410;
				LastUpgradeCheck = 1410;
				TargetAttributes = {
					ACDA212B297F38540009F27F = {
						CreatedOnToolsVersion = 14.1;
					};
				};
			};
			buildConfigurationList = ACDA2127297F38540009F27F /* Build configuration list for PBXProject "DiagramForThesis" */;
			compatibilityVersion = "Xcode 14.0";
			developmentRegion = en;
			hasScannedForEncodings = 0;
			knownRegions = (
				en,
				Base,
			);
			mainGroup = ACDA2123297F38540009F27F;
			packageReferences = (
				ACDA213E297F38800009F27F /* XCRemoteSwiftPackageReference "swift-syntax" */,
			);
			productRefGroup = ACDA212D297F38540009F27F /* Products */;
			projectDirPath = "";
			projectRoot = "";
			targets = (
				ACDA212B297F38540009F27F /* DiagramForThesis */,
			);
		};
/* End PBXProject section */

/* Begin PBXResourcesBuildPhase section */
		ACDA212A297F38540009F27F /* Resources */ = {
			isa = PBXResourcesBuildPhase;
			buildActionMask = 2147483647;
			files = (
				ACDA2137297F38550009F27F /* Preview Assets.xcassets in Resources */,
				ACDA2134297F38550009F27F /* Assets.xcassets in Resources */,
			);
			runOnlyForDeploymentPostprocessing = 0;
		};
/* End PBXResourcesBuildPhase section */

/* Begin PBXSourcesBuildPhase section */
		ACDA2128297F38540009F27F /* Sources */ = {
			isa = PBXSourcesBuildPhase;
			buildActionMask = 2147483647;
			files = (
				ACDA2153297F3BD80009F27F /* HolderToStringConverters.swift in Sources */,
				ACDA2159297F3C380009F27F /* TokenKind.swift in Sources */,
				ACDA2132297F38540009F27F /* ContentView.swift in Sources */,
				ACDA2151297F3BC20009F27F /* BuildFileMonitor.swift in Sources */,
				ACDA214F297F3BAB0009F27F /* ComponentSettingValues.swift in Sources */,
				ACDA2155297F3BF50009F27F /* TokenVisitor.swift in Sources */,
				ACDA2157297F3C240009F27F /* SyntaxNodeType.swift in Sources */,
				ACDA2149297F3B5E0009F27F /* ConvertedToHolders.swift in Sources */,
				ACDA215B297F3C4E0009F27F /* SyntaxTag.swift in Sources */,
				ACDA215D297F3C930009F27F /* SyntaxArrayParser.swift in Sources */,
				ACDA2147297F3B2B0009F27F /* Holders.swift in Sources */,
				ACDA214B297F3B7D0009F27F /* AccessLevel.swift in Sources */,
				ACDA2130297F38540009F27F /* DiagramForThesisApp.swift in Sources */,
				ACDA215F297F3CBE0009F27F /* OptionalTypeKind.swift in Sources */,
				ACDA214D297F3B940009F27F /* DetailComponentView.swift in Sources */,
			);
			runOnlyForDeploymentPostprocessing = 0;
		};
/* End PBXSourcesBuildPhase section */

/* Begin XCBuildConfiguration section */
		ACDA2139297F38550009F27F /* Debug */ = {
			isa = XCBuildConfiguration;
			buildSettings = {
				ALWAYS_SEARCH_USER_PATHS = NO;
				CLANG_ANALYZER_NONNULL = YES;
				CLANG_ANALYZER_NUMBER_OBJECT_CONVERSION = YES_AGGRESSIVE;
				CLANG_CXX_LANGUAGE_STANDARD = "gnu++20";
				CLANG_ENABLE_MODULES = YES;
				CLANG_ENABLE_OBJC_ARC = YES;
				CLANG_ENABLE_OBJC_WEAK = YES;
				CLANG_WARN_BLOCK_CAPTURE_AUTORELEASING = YES;
				CLANG_WARN_BOOL_CONVERSION = YES;
				CLANG_WARN_COMMA = YES;
				CLANG_WARN_CONSTANT_CONVERSION = YES;
				CLANG_WARN_DEPRECATED_OBJC_IMPLEMENTATIONS = YES;
				CLANG_WARN_DIRECT_OBJC_ISA_USAGE = YES_ERROR;
				CLANG_WARN_DOCUMENTATION_COMMENTS = YES;
				CLANG_WARN_EMPTY_BODY = YES;
				CLANG_WARN_ENUM_CONVERSION = YES;
				CLANG_WARN_INFINITE_RECURSION = YES;
				CLANG_WARN_INT_CONVERSION = YES;
				CLANG_WARN_NON_LITERAL_NULL_CONVERSION = YES;
				CLANG_WARN_OBJC_IMPLICIT_RETAIN_SELF = YES;
				CLANG_WARN_OBJC_LITERAL_CONVERSION = YES;
				CLANG_WARN_OBJC_ROOT_CLASS = YES_ERROR;
				CLANG_WARN_QUOTED_INCLUDE_IN_FRAMEWORK_HEADER = YES;
				CLANG_WARN_RANGE_LOOP_ANALYSIS = YES;
				CLANG_WARN_STRICT_PROTOTYPES = YES;
				CLANG_WARN_SUSPICIOUS_MOVE = YES;
				CLANG_WARN_UNGUARDED_AVAILABILITY = YES_AGGRESSIVE;
				CLANG_WARN_UNREACHABLE_CODE = YES;
				CLANG_WARN__DUPLICATE_METHOD_MATCH = YES;
				COPY_PHASE_STRIP = NO;
				DEBUG_INFORMATION_FORMAT = dwarf;
				ENABLE_STRICT_OBJC_MSGSEND = YES;
				ENABLE_TESTABILITY = YES;
				GCC_C_LANGUAGE_STANDARD = gnu11;
				GCC_DYNAMIC_NO_PIC = NO;
				GCC_NO_COMMON_BLOCKS = YES;
				GCC_OPTIMIZATION_LEVEL = 0;
				GCC_PREPROCESSOR_DEFINITIONS = (
					"DEBUG=1",
					"$(inherited)",
				);
				GCC_WARN_64_TO_32_BIT_CONVERSION = YES;
				GCC_WARN_ABOUT_RETURN_TYPE = YES_ERROR;
				GCC_WARN_UNDECLARED_SELECTOR = YES;
				GCC_WARN_UNINITIALIZED_AUTOS = YES_AGGRESSIVE;
				GCC_WARN_UNUSED_FUNCTION = YES;
				GCC_WARN_UNUSED_VARIABLE = YES;
				MACOSX_DEPLOYMENT_TARGET = 13.0;
				MTL_ENABLE_DEBUG_INFO = INCLUDE_SOURCE;
				MTL_FAST_MATH = YES;
				ONLY_ACTIVE_ARCH = YES;
				SDKROOT = macosx;
				SWIFT_ACTIVE_COMPILATION_CONDITIONS = DEBUG;
				SWIFT_OPTIMIZATION_LEVEL = "-Onone";
			};
			name = Debug;
		};
		ACDA213A297F38550009F27F /* Release */ = {
			isa = XCBuildConfiguration;
			buildSettings = {
				ALWAYS_SEARCH_USER_PATHS = NO;
				CLANG_ANALYZER_NONNULL = YES;
				CLANG_ANALYZER_NUMBER_OBJECT_CONVERSION = YES_AGGRESSIVE;
				CLANG_CXX_LANGUAGE_STANDARD = "gnu++20";
				CLANG_ENABLE_MODULES = YES;
				CLANG_ENABLE_OBJC_ARC = YES;
				CLANG_ENABLE_OBJC_WEAK = YES;
				CLANG_WARN_BLOCK_CAPTURE_AUTORELEASING = YES;
				CLANG_WARN_BOOL_CONVERSION = YES;
				CLANG_WARN_COMMA = YES;
				CLANG_WARN_CONSTANT_CONVERSION = YES;
				CLANG_WARN_DEPRECATED_OBJC_IMPLEMENTATIONS = YES;
				CLANG_WARN_DIRECT_OBJC_ISA_USAGE = YES_ERROR;
				CLANG_WARN_DOCUMENTATION_COMMENTS = YES;
				CLANG_WARN_EMPTY_BODY = YES;
				CLANG_WARN_ENUM_CONVERSION = YES;
				CLANG_WARN_INFINITE_RECURSION = YES;
				CLANG_WARN_INT_CONVERSION = YES;
				CLANG_WARN_NON_LITERAL_NULL_CONVERSION = YES;
				CLANG_WARN_OBJC_IMPLICIT_RETAIN_SELF = YES;
				CLANG_WARN_OBJC_LITERAL_CONVERSION = YES;
				CLANG_WARN_OBJC_ROOT_CLASS = YES_ERROR;
				CLANG_WARN_QUOTED_INCLUDE_IN_FRAMEWORK_HEADER = YES;
				CLANG_WARN_RANGE_LOOP_ANALYSIS = YES;
				CLANG_WARN_STRICT_PROTOTYPES = YES;
				CLANG_WARN_SUSPICIOUS_MOVE = YES;
				CLANG_WARN_UNGUARDED_AVAILABILITY = YES_AGGRESSIVE;
				CLANG_WARN_UNREACHABLE_CODE = YES;
				CLANG_WARN__DUPLICATE_METHOD_MATCH = YES;
				COPY_PHASE_STRIP = NO;
				DEBUG_INFORMATION_FORMAT = "dwarf-with-dsym";
				ENABLE_NS_ASSERTIONS = NO;
				ENABLE_STRICT_OBJC_MSGSEND = YES;
				GCC_C_LANGUAGE_STANDARD = gnu11;
				GCC_NO_COMMON_BLOCKS = YES;
				GCC_WARN_64_TO_32_BIT_CONVERSION = YES;
				GCC_WARN_ABOUT_RETURN_TYPE = YES_ERROR;
				GCC_WARN_UNDECLARED_SELECTOR = YES;
				GCC_WARN_UNINITIALIZED_AUTOS = YES_AGGRESSIVE;
				GCC_WARN_UNUSED_FUNCTION = YES;
				GCC_WARN_UNUSED_VARIABLE = YES;
				MACOSX_DEPLOYMENT_TARGET = 13.0;
				MTL_ENABLE_DEBUG_INFO = NO;
				MTL_FAST_MATH = YES;
				SDKROOT = macosx;
				SWIFT_COMPILATION_MODE = wholemodule;
				SWIFT_OPTIMIZATION_LEVEL = "-O";
			};
			name = Release;
		};
		ACDA213C297F38550009F27F /* Debug */ = {
			isa = XCBuildConfiguration;
			buildSettings = {
				ASSETCATALOG_COMPILER_APPICON_NAME = AppIcon;
				ASSETCATALOG_COMPILER_GLOBAL_ACCENT_COLOR_NAME = AccentColor;
				CODE_SIGN_ENTITLEMENTS = DiagramForThesis/DiagramForThesis.entitlements;
				CODE_SIGN_STYLE = Automatic;
				COMBINE_HIDPI_IMAGES = YES;
				CURRENT_PROJECT_VERSION = 1;
				DEVELOPMENT_ASSET_PATHS = "\"DiagramForThesis/Preview Content\"";
				ENABLE_PREVIEWS = YES;
				GENERATE_INFOPLIST_FILE = YES;
				INFOPLIST_KEY_NSHumanReadableCopyright = "";
				LD_RUNPATH_SEARCH_PATHS = (
					"$(inherited)",
					"@executable_path/../Frameworks",
				);
				MARKETING_VERSION = 1.0;
				PRODUCT_BUNDLE_IDENTIFIER = com.gmail.haloupgarou.DiagramForThesis;
				PRODUCT_NAME = "$(TARGET_NAME)";
				SWIFT_EMIT_LOC_STRINGS = YES;
				SWIFT_VERSION = 5.0;
			};
			name = Debug;
		};
		ACDA213D297F38550009F27F /* Release */ = {
			isa = XCBuildConfiguration;
			buildSettings = {
				ASSETCATALOG_COMPILER_APPICON_NAME = AppIcon;
				ASSETCATALOG_COMPILER_GLOBAL_ACCENT_COLOR_NAME = AccentColor;
				CODE_SIGN_ENTITLEMENTS = DiagramForThesis/DiagramForThesis.entitlements;
				CODE_SIGN_STYLE = Automatic;
				COMBINE_HIDPI_IMAGES = YES;
				CURRENT_PROJECT_VERSION = 1;
				DEVELOPMENT_ASSET_PATHS = "\"DiagramForThesis/Preview Content\"";
				ENABLE_PREVIEWS = YES;
				GENERATE_INFOPLIST_FILE = YES;
				INFOPLIST_KEY_NSHumanReadableCopyright = "";
				LD_RUNPATH_SEARCH_PATHS = (
					"$(inherited)",
					"@executable_path/../Frameworks",
				);
				MARKETING_VERSION = 1.0;
				PRODUCT_BUNDLE_IDENTIFIER = com.gmail.haloupgarou.DiagramForThesis;
				PRODUCT_NAME = "$(TARGET_NAME)";
				SWIFT_EMIT_LOC_STRINGS = YES;
				SWIFT_VERSION = 5.0;
			};
			name = Release;
		};
/* End XCBuildConfiguration section */

/* Begin XCConfigurationList section */
		ACDA2127297F38540009F27F /* Build configuration list for PBXProject "DiagramForThesis" */ = {
			isa = XCConfigurationList;
			buildConfigurations = (
				ACDA2139297F38550009F27F /* Debug */,
				ACDA213A297F38550009F27F /* Release */,
			);
			defaultConfigurationIsVisible = 0;
			defaultConfigurationName = Release;
		};
		ACDA213B297F38550009F27F /* Build configuration list for PBXNativeTarget "DiagramForThesis" */ = {
			isa = XCConfigurationList;
			buildConfigurations = (
				ACDA213C297F38550009F27F /* Debug */,
				ACDA213D297F38550009F27F /* Release */,
			);
			defaultConfigurationIsVisible = 0;
			defaultConfigurationName = Release;
		};
/* End XCConfigurationList section */

/* Begin XCRemoteSwiftPackageReference section */
		ACDA213E297F38800009F27F /* XCRemoteSwiftPackageReference "swift-syntax" */ = {
			isa = XCRemoteSwiftPackageReference;
			repositoryURL = "https://github.com/apple/swift-syntax";
			requirement = {
				kind = upToNextMajorVersion;
				minimumVersion = 0.50700.1;
			};
		};
/* End XCRemoteSwiftPackageReference section */

/* Begin XCSwiftPackageProductDependency section */
		ACDA213F297F38800009F27F /* SwiftSyntax */ = {
			isa = XCSwiftPackageProductDependency;
			package = ACDA213E297F38800009F27F /* XCRemoteSwiftPackageReference "swift-syntax" */;
			productName = SwiftSyntax;
		};
		ACDA2141297F38800009F27F /* SwiftSyntaxBuilder */ = {
			isa = XCSwiftPackageProductDependency;
			package = ACDA213E297F38800009F27F /* XCRemoteSwiftPackageReference "swift-syntax" */;
			productName = SwiftSyntaxBuilder;
		};
		ACDA2143297F38800009F27F /* SwiftSyntaxParser */ = {
			isa = XCSwiftPackageProductDependency;
			package = ACDA213E297F38800009F27F /* XCRemoteSwiftPackageReference "swift-syntax" */;
			productName = SwiftSyntaxParser;
		};
/* End XCSwiftPackageProductDependency section */
	};
	rootObject = ACDA2124297F38540009F27F /* Project object */;
}
